// !$*UTF8*$!
{
	archiveVersion = 1;
	classes = {
	};
	objectVersion = 77;
	objects = {

/* Begin PBXBuildFile section */
		003762CF3C377BF32E6FF348 /* OnboardingUITests.swift in Sources */ = {isa = PBXBuildFile; fileRef = A68446C6A9C9C91BA638C19D /* OnboardingUITests.swift */; };
		03ECE1743141BB926C962D5D /* MenuBarContent.swift in Sources */ = {isa = PBXBuildFile; fileRef = BD389C3FFFC4CF6441449AAC /* MenuBarContent.swift */; };
		0B1315D176521B014E19E835 /* DictionaryView.swift in Sources */ = {isa = PBXBuildFile; fileRef = 04ABBCE9B9DF5C6AA8C79F36 /* DictionaryView.swift */; };
		0E501602B04A182D51754E92 /* Permissions.swift in Sources */ = {isa = PBXBuildFile; fileRef = E33BE18405DF3FB5FBBD4F8A /* Permissions.swift */; };
		199BFEEE62051C1EEB8C56E4 /* TransformPanel.swift in Sources */ = {isa = PBXBuildFile; fileRef = E400C51913268E7212C07A0A /* TransformPanel.swift */; };
		199D9D88F05654F0D4F85EA3 /* AppModel.swift in Sources */ = {isa = PBXBuildFile; fileRef = E987D1EC752AF8C50C11B9C9 /* AppModel.swift */; };
		2072A7CEECA764972482479A /* StylesView.swift in Sources */ = {isa = PBXBuildFile; fileRef = 969AEB044B530E6D7A9D7AAB /* StylesView.swift */; };
		20E8D6BAE987C56241101CBA /* HistoryView.swift in Sources */ = {isa = PBXBuildFile; fileRef = 8BFCA8100153B98BC057D6B3 /* HistoryView.swift */; };
		23699843B8661C94990D74C3 /* SettingsView.swift in Sources */ = {isa = PBXBuildFile; fileRef = 208110D8C3C2F5EEA4BF165F /* SettingsView.swift */; };
		316CB9F827F2CD5915329FBA /* MeetingController.swift in Sources */ = {isa = PBXBuildFile; fileRef = 5B32F492CF3159CDB36671E7 /* MeetingController.swift */; };
		49550EB710BACACAFDA30A89 /* PageTourTests.swift in Sources */ = {isa = PBXBuildFile; fileRef = DEE89F48313D3963A85B3C19 /* PageTourTests.swift */; };
		526CFD4D90896934162F4F97 /* Preferences.swift in Sources */ = {isa = PBXBuildFile; fileRef = F1A9A10E7172019C35A6C864 /* Preferences.swift */; };
		57113839F403C1A8FB2312D5 /* Theme.swift in Sources */ = {isa = PBXBuildFile; fileRef = 2D7258A233E69A734D0B12C9 /* Theme.swift */; };
		59B48B6BFB65F91DBCCBE64E /* RantApp.swift in Sources */ = {isa = PBXBuildFile; fileRef = 2EACEA5AA69091FBBEAF12DC /* RantApp.swift */; };
		944196400A209E8C37603FEC /* ScratchpadView.swift in Sources */ = {isa = PBXBuildFile; fileRef = 4A6A68FBF9A2C346F686B20A /* ScratchpadView.swift */; };
		9C066602804472A46FB51A02 /* MigrateView.swift in Sources */ = {isa = PBXBuildFile; fileRef = 8E56852783E5AB2E108AE2DA /* MigrateView.swift */; };
		A22EFA97DFF54ABA1E7706EC /* RecorderOverlay.swift in Sources */ = {isa = PBXBuildFile; fileRef = EE3A083F0C8AB11A4EB5D54C /* RecorderOverlay.swift */; };
		AC10670C7ABAD3149B03365A /* OverlayController.swift in Sources */ = {isa = PBXBuildFile; fileRef = 03C9A013536872A31BA50407 /* OverlayController.swift */; };
		BFEF7B25ABED0F05EDA6E264 /* AppIcon.icns in Resources */ = {isa = PBXBuildFile; fileRef = DD52C6823BAA8234F22CCF13 /* AppIcon.icns */; };
		D21303E13218D64F499077C4 /* OnboardingView.swift in Sources */ = {isa = PBXBuildFile; fileRef = 6215D4531E1063A40D8A2D10 /* OnboardingView.swift */; };
		DE89B0F865D4475C3AF00D8A /* MCPController.swift in Sources */ = {isa = PBXBuildFile; fileRef = 7BAE54969795EEA8827A1238 /* MCPController.swift */; };
		E283586579D98B548A6B4EBF /* TransformsView.swift in Sources */ = {isa = PBXBuildFile; fileRef = CF41DDD4B08F7F7322244223 /* TransformsView.swift */; };
		E4596EC8C3742F5E142BE208 /* HierarchyDiagnostic.swift in Sources */ = {isa = PBXBuildFile; fileRef = 07CCE46290E3DE647B6B82F2 /* HierarchyDiagnostic.swift */; };
		E4EAB37F7A8A03B828A929CF /* RantCore in Frameworks */ = {isa = PBXBuildFile; productRef = 9D4E1E13B0E11D5F2A81B7B4 /* RantCore */; };
		E9195F34C4CD00565BC9A6D2 /* NotetakerView.swift in Sources */ = {isa = PBXBuildFile; fileRef = 6E0C2EB81A082A153DE2EFAE /* NotetakerView.swift */; };
		EED0B34A571528E2234D922E /* HomeView.swift in Sources */ = {isa = PBXBuildFile; fileRef = A9DC724C5939BF3ED0FDBAC9 /* HomeView.swift */; };
		F42828589174A75D074F1B2E /* TransformController.swift in Sources */ = {isa = PBXBuildFile; fileRef = 5D73E6A34F1FE8EB633BBE8B /* TransformController.swift */; };
		FB2804658A7EB5940E5D4C21 /* RootView.swift in Sources */ = {isa = PBXBuildFile; fileRef = 689EB884031F20394946F225 /* RootView.swift */; };
		FC0165D004AB750E7E25A48D /* InsightsView.swift in Sources */ = {isa = PBXBuildFile; fileRef = BCB5F2A65986604A1C209840 /* InsightsView.swift */; };
/* End PBXBuildFile section */

/* Begin PBXContainerItemProxy section */
		BA145399280403B4E5EB2674 /* PBXContainerItemProxy */ = {
			isa = PBXContainerItemProxy;
			containerPortal = 974134BDDB098B94FE599BAF /* Project object */;
			proxyType = 1;
			remoteGlobalIDString = 54A9F661CC5BF50BCC265FEB;
			remoteInfo = Rant;
		};
/* End PBXContainerItemProxy section */

/* Begin PBXFileReference section */
		03C9A013536872A31BA50407 /* OverlayController.swift */ = {isa = PBXFileReference; lastKnownFileType = sourcecode.swift; path = OverlayController.swift; sourceTree = "<group>"; };
		04ABBCE9B9DF5C6AA8C79F36 /* DictionaryView.swift */ = {isa = PBXFileReference; lastKnownFileType = sourcecode.swift; path = DictionaryView.swift; sourceTree = "<group>"; };
		07CCE46290E3DE647B6B82F2 /* HierarchyDiagnostic.swift */ = {isa = PBXFileReference; lastKnownFileType = sourcecode.swift; path = HierarchyDiagnostic.swift; sourceTree = "<group>"; };
		208110D8C3C2F5EEA4BF165F /* SettingsView.swift */ = {isa = PBXFileReference; lastKnownFileType = sourcecode.swift; path = SettingsView.swift; sourceTree = "<group>"; };
		2D7258A233E69A734D0B12C9 /* Theme.swift */ = {isa = PBXFileReference; lastKnownFileType = sourcecode.swift; path = Theme.swift; sourceTree = "<group>"; };
		2EACEA5AA69091FBBEAF12DC /* RantApp.swift */ = {isa = PBXFileReference; lastKnownFileType = sourcecode.swift; path = RantApp.swift; sourceTree = "<group>"; };
		3CF4049609A6FD0F430BFE21 /* RantUITests.xctest */ = {isa = PBXFileReference; explicitFileType = wrapper.cfbundle; includeInIndex = 0; path = RantUITests.xctest; sourceTree = BUILT_PRODUCTS_DIR; };
		4A6A68FBF9A2C346F686B20A /* ScratchpadView.swift */ = {isa = PBXFileReference; lastKnownFileType = sourcecode.swift; path = ScratchpadView.swift; sourceTree = "<group>"; };
		5B32F492CF3159CDB36671E7 /* MeetingController.swift */ = {isa = PBXFileReference; lastKnownFileType = sourcecode.swift; path = MeetingController.swift; sourceTree = "<group>"; };
		5D73E6A34F1FE8EB633BBE8B /* TransformController.swift */ = {isa = PBXFileReference; lastKnownFileType = sourcecode.swift; path = TransformController.swift; sourceTree = "<group>"; };
		6215D4531E1063A40D8A2D10 /* OnboardingView.swift */ = {isa = PBXFileReference; lastKnownFileType = sourcecode.swift; path = OnboardingView.swift; sourceTree = "<group>"; };
		689EB884031F20394946F225 /* RootView.swift */ = {isa = PBXFileReference; lastKnownFileType = sourcecode.swift; path = RootView.swift; sourceTree = "<group>"; };
		6E0C2EB81A082A153DE2EFAE /* NotetakerView.swift */ = {isa = PBXFileReference; lastKnownFileType = sourcecode.swift; path = NotetakerView.swift; sourceTree = "<group>"; };
		7BAE54969795EEA8827A1238 /* MCPController.swift */ = {isa = PBXFileReference; lastKnownFileType = sourcecode.swift; path = MCPController.swift; sourceTree = "<group>"; };
		8BFCA8100153B98BC057D6B3 /* HistoryView.swift */ = {isa = PBXFileReference; lastKnownFileType = sourcecode.swift; path = HistoryView.swift; sourceTree = "<group>"; };
		8E56852783E5AB2E108AE2DA /* MigrateView.swift */ = {isa = PBXFileReference; lastKnownFileType = sourcecode.swift; path = MigrateView.swift; sourceTree = "<group>"; };
		969AEB044B530E6D7A9D7AAB /* StylesView.swift */ = {isa = PBXFileReference; lastKnownFileType = sourcecode.swift; path = StylesView.swift; sourceTree = "<group>"; };
		A6354DBAB43B57FC9FDEDC11 /* Rant.entitlements */ = {isa = PBXFileReference; lastKnownFileType = text.plist.entitlements; path = Rant.entitlements; sourceTree = "<group>"; };
		A68446C6A9C9C91BA638C19D /* OnboardingUITests.swift */ = {isa = PBXFileReference; lastKnownFileType = sourcecode.swift; path = OnboardingUITests.swift; sourceTree = "<group>"; };
		A9DC724C5939BF3ED0FDBAC9 /* HomeView.swift */ = {isa = PBXFileReference; lastKnownFileType = sourcecode.swift; path = HomeView.swift; sourceTree = "<group>"; };
		B1D3C1EF2EB65EE5D35FE21D /* final-audit */ = {isa = PBXFileReference; lastKnownFileType = folder; name = "final-audit"; path = .; sourceTree = SOURCE_ROOT; };
		BCB5F2A65986604A1C209840 /* InsightsView.swift */ = {isa = PBXFileReference; lastKnownFileType = sourcecode.swift; path = InsightsView.swift; sourceTree = "<group>"; };
		BD389C3FFFC4CF6441449AAC /* MenuBarContent.swift */ = {isa = PBXFileReference; lastKnownFileType = sourcecode.swift; path = MenuBarContent.swift; sourceTree = "<group>"; };
		C0A66A9791CE59F1F8E41115 /* Rant.app */ = {isa = PBXFileReference; explicitFileType = wrapper.application; includeInIndex = 0; path = Rant.app; sourceTree = BUILT_PRODUCTS_DIR; };
		CF41DDD4B08F7F7322244223 /* TransformsView.swift */ = {isa = PBXFileReference; lastKnownFileType = sourcecode.swift; path = TransformsView.swift; sourceTree = "<group>"; };
		D2FC28547A789BB5867734DB /* Info.plist */ = {isa = PBXFileReference; lastKnownFileType = text.plist; path = Info.plist; sourceTree = "<group>"; };
		DD52C6823BAA8234F22CCF13 /* AppIcon.icns */ = {isa = PBXFileReference; lastKnownFileType = image.icns; path = AppIcon.icns; sourceTree = "<group>"; };
		DEE89F48313D3963A85B3C19 /* PageTourTests.swift */ = {isa = PBXFileReference; lastKnownFileType = sourcecode.swift; path = PageTourTests.swift; sourceTree = "<group>"; };
		E33BE18405DF3FB5FBBD4F8A /* Permissions.swift */ = {isa = PBXFileReference; lastKnownFileType = sourcecode.swift; path = Permissions.swift; sourceTree = "<group>"; };
		E400C51913268E7212C07A0A /* TransformPanel.swift */ = {isa = PBXFileReference; lastKnownFileType = sourcecode.swift; path = TransformPanel.swift; sourceTree = "<group>"; };
		E987D1EC752AF8C50C11B9C9 /* AppModel.swift */ = {isa = PBXFileReference; lastKnownFileType = sourcecode.swift; path = AppModel.swift; sourceTree = "<group>"; };
		EE3A083F0C8AB11A4EB5D54C /* RecorderOverlay.swift */ = {isa = PBXFileReference; lastKnownFileType = sourcecode.swift; path = RecorderOverlay.swift; sourceTree = "<group>"; };
		F1A9A10E7172019C35A6C864 /* Preferences.swift */ = {isa = PBXFileReference; lastKnownFileType = sourcecode.swift; path = Preferences.swift; sourceTree = "<group>"; };
/* End PBXFileReference section */

/* Begin PBXFrameworksBuildPhase section */
		FCA1476F369D76001A1EEAE7 /* Frameworks */ = {
			isa = PBXFrameworksBuildPhase;
			buildActionMask = 2147483647;
			files = (
				E4EAB37F7A8A03B828A929CF /* RantCore in Frameworks */,
			);
			runOnlyForDeploymentPostprocessing = 0;
		};
/* End PBXFrameworksBuildPhase section */

/* Begin PBXGroup section */
		089471EF452AD21F550D59F7 /* Insights */ = {
			isa = PBXGroup;
			children = (
				BCB5F2A65986604A1C209840 /* InsightsView.swift */,
			);
			path = Insights;
			sourceTree = "<group>";
		};
		0D15106656F18851BCC5DAB7 /* Home */ = {
			isa = PBXGroup;
			children = (
				A9DC724C5939BF3ED0FDBAC9 /* HomeView.swift */,
			);
			path = Home;
			sourceTree = "<group>";
		};
		1409472F365C87BF1772C12E /* RantUITests */ = {
			isa = PBXGroup;
			children = (
				07CCE46290E3DE647B6B82F2 /* HierarchyDiagnostic.swift */,
				A68446C6A9C9C91BA638C19D /* OnboardingUITests.swift */,
				DEE89F48313D3963A85B3C19 /* PageTourTests.swift */,
			);
			path = RantUITests;
			sourceTree = "<group>";
		};
		166AD33219FE5EC475B6834E /* Packages */ = {
			isa = PBXGroup;
			children = (
				B1D3C1EF2EB65EE5D35FE21D /* final-audit */,
			);
			name = Packages;
			sourceTree = "<group>";
		};
		2A8981B9169DC897B16B548E /* History */ = {
			isa = PBXGroup;
			children = (
				8BFCA8100153B98BC057D6B3 /* HistoryView.swift */,
			);
			path = History;
			sourceTree = "<group>";
		};
		42F7096DB23347BDD4B6894C = {
			isa = PBXGroup;
			children = (
				D3A60B61046322AE382F9D48 /* App */,
				166AD33219FE5EC475B6834E /* Packages */,
				B6ED924D1B451E2F7F240068 /* Products */,
			);
			sourceTree = "<group>";
		};
		4D4D695CC6F424F64CD9F165 /* Dictionary */ = {
			isa = PBXGroup;
			children = (
				04ABBCE9B9DF5C6AA8C79F36 /* DictionaryView.swift */,
			);
			path = Dictionary;
			sourceTree = "<group>";
		};
		528D7E42C7CA060179D16BFB /* Recorder */ = {
			isa = PBXGroup;
			children = (
				03C9A013536872A31BA50407 /* OverlayController.swift */,
				EE3A083F0C8AB11A4EB5D54C /* RecorderOverlay.swift */,
			);
			path = Recorder;
			sourceTree = "<group>";
		};
		5B7FD498F5CBE55FCD5D75BB /* Onboarding */ = {
			isa = PBXGroup;
			children = (
				6215D4531E1063A40D8A2D10 /* OnboardingView.swift */,
			);
			path = Onboarding;
			sourceTree = "<group>";
		};
		6AA996B2AFDAC75A60AD3D11 /* MenuBar */ = {
			isa = PBXGroup;
			children = (
				BD389C3FFFC4CF6441449AAC /* MenuBarContent.swift */,
			);
			path = MenuBar;
			sourceTree = "<group>";
		};
		8563FCB9172FEE11ED67A901 /* App */ = {
			isa = PBXGroup;
			children = (
				E987D1EC752AF8C50C11B9C9 /* AppModel.swift */,
				E33BE18405DF3FB5FBBD4F8A /* Permissions.swift */,
				F1A9A10E7172019C35A6C864 /* Preferences.swift */,
				2EACEA5AA69091FBBEAF12DC /* RantApp.swift */,
				689EB884031F20394946F225 /* RootView.swift */,
			);
			path = App;
			sourceTree = "<group>";
		};
		9066189EA03F4CE5B1989C5D /* Notetaker */ = {
			isa = PBXGroup;
			children = (
				5B32F492CF3159CDB36671E7 /* MeetingController.swift */,
				6E0C2EB81A082A153DE2EFAE /* NotetakerView.swift */,
			);
			path = Notetaker;
			sourceTree = "<group>";
		};
		9EE008512EAE79F8994EA8A6 /* Rant */ = {
			isa = PBXGroup;
			children = (
				8563FCB9172FEE11ED67A901 /* App */,
				AE6FE28CBFD2D26D8AEE98FA /* DesignSystem */,
				4D4D695CC6F424F64CD9F165 /* Dictionary */,
				2A8981B9169DC897B16B548E /* History */,
				0D15106656F18851BCC5DAB7 /* Home */,
				089471EF452AD21F550D59F7 /* Insights */,
				6AA996B2AFDAC75A60AD3D11 /* MenuBar */,
				EDC0F36C645C7CD55B6A2192 /* Migrate */,
				9066189EA03F4CE5B1989C5D /* Notetaker */,
				5B7FD498F5CBE55FCD5D75BB /* Onboarding */,
				528D7E42C7CA060179D16BFB /* Recorder */,
				E12AF6E9DB333AE54F130109 /* Scratchpad */,
				DE86C9D92826507D1169DFB7 /* Settings */,
				EB08F27EB5FCF494B1E672DE /* Transforms */,
				DD52C6823BAA8234F22CCF13 /* AppIcon.icns */,
				D2FC28547A789BB5867734DB /* Info.plist */,
				A6354DBAB43B57FC9FDEDC11 /* Rant.entitlements */,
			);
			path = Rant;
			sourceTree = "<group>";
		};
		AE6FE28CBFD2D26D8AEE98FA /* DesignSystem */ = {
			isa = PBXGroup;
			children = (
				2D7258A233E69A734D0B12C9 /* Theme.swift */,
			);
			path = DesignSystem;
			sourceTree = "<group>";
		};
		B6ED924D1B451E2F7F240068 /* Products */ = {
			isa = PBXGroup;
			children = (
				C0A66A9791CE59F1F8E41115 /* Rant.app */,
				3CF4049609A6FD0F430BFE21 /* RantUITests.xctest */,
			);
			name = Products;
			sourceTree = "<group>";
		};
		D3A60B61046322AE382F9D48 /* App */ = {
			isa = PBXGroup;
			children = (
				9EE008512EAE79F8994EA8A6 /* Rant */,
				1409472F365C87BF1772C12E /* RantUITests */,
			);
			path = App;
			sourceTree = "<group>";
		};
		DE86C9D92826507D1169DFB7 /* Settings */ = {
			isa = PBXGroup;
			children = (
				7BAE54969795EEA8827A1238 /* MCPController.swift */,
				208110D8C3C2F5EEA4BF165F /* SettingsView.swift */,
				969AEB044B530E6D7A9D7AAB /* StylesView.swift */,
			);
			path = Settings;
			sourceTree = "<group>";
		};
		E12AF6E9DB333AE54F130109 /* Scratchpad */ = {
			isa = PBXGroup;
			children = (
				4A6A68FBF9A2C346F686B20A /* ScratchpadView.swift */,
			);
			path = Scratchpad;
			sourceTree = "<group>";
		};
		EB08F27EB5FCF494B1E672DE /* Transforms */ = {
			isa = PBXGroup;
			children = (
				5D73E6A34F1FE8EB633BBE8B /* TransformController.swift */,
				E400C51913268E7212C07A0A /* TransformPanel.swift */,
				CF41DDD4B08F7F7322244223 /* TransformsView.swift */,
			);
			path = Transforms;
			sourceTree = "<group>";
		};
		EDC0F36C645C7CD55B6A2192 /* Migrate */ = {
			isa = PBXGroup;
			children = (
				8E56852783E5AB2E108AE2DA /* MigrateView.swift */,
			);
			path = Migrate;
			sourceTree = "<group>";
		};
/* End PBXGroup section */

/* Begin PBXNativeTarget section */
		54A9F661CC5BF50BCC265FEB /* Rant */ = {
			isa = PBXNativeTarget;
			buildConfigurationList = B240B38AB3C8D0E5A02271C1 /* Build configuration list for PBXNativeTarget "Rant" */;
			buildPhases = (
				06CC8EDA298C93B3A612BD57 /* Sources */,
				5281C3080E5457CC1C18C203 /* Resources */,
				FCA1476F369D76001A1EEAE7 /* Frameworks */,
			);
			buildRules = (
			);
			dependencies = (
			);
			name = Rant;
			packageProductDependencies = (
				9D4E1E13B0E11D5F2A81B7B4 /* RantCore */,
			);
			productName = Rant;
			productReference = C0A66A9791CE59F1F8E41115 /* Rant.app */;
			productType = "com.apple.product-type.application";
		};
		9B822E8A4DB7297713289B15 /* RantUITests */ = {
			isa = PBXNativeTarget;
			buildConfigurationList = 2FB70AFD5AEB8ED8F6F25DDB /* Build configuration list for PBXNativeTarget "RantUITests" */;
			buildPhases = (
				169B0654D6A6F0159A26AA6B /* Sources */,
			);
			buildRules = (
			);
			dependencies = (
				047C350D843887D09B561A4F /* PBXTargetDependency */,
			);
			name = RantUITests;
			packageProductDependencies = (
			);
			productName = RantUITests;
			productReference = 3CF4049609A6FD0F430BFE21 /* RantUITests.xctest */;
			productType = "com.apple.product-type.bundle.ui-testing";
		};
/* End PBXNativeTarget section */

/* Begin PBXProject section */
		974134BDDB098B94FE599BAF /* Project object */ = {
			isa = PBXProject;
			attributes = {
				BuildIndependentTargetsInParallel = YES;
				LastUpgradeCheck = 1430;
				TargetAttributes = {
					54A9F661CC5BF50BCC265FEB = {
						DevelopmentTeam = "";
						ProvisioningStyle = Manual;
					};
					9B822E8A4DB7297713289B15 = {
						DevelopmentTeam = "";
						ProvisioningStyle = Manual;
						TestTargetID = 54A9F661CC5BF50BCC265FEB;
					};
				};
			};
			buildConfigurationList = 884D61E2A345F25DAA1B6BDC /* Build configuration list for PBXProject "Rant" */;
			developmentRegion = en;
			hasScannedForEncodings = 0;
			knownRegions = (
				Base,
				en,
			);
			mainGroup = 42F7096DB23347BDD4B6894C;
			minimizedProjectReferenceProxies = 1;
			packageReferences = (
				27C1FBA39A191A1818F9C1F5 /* XCLocalSwiftPackageReference "." */,
			);
			preferredProjectObjectVersion = 77;
			productRefGroup = B6ED924D1B451E2F7F240068 /* Products */;
			projectDirPath = "";
			projectRoot = "";
			targets = (
				54A9F661CC5BF50BCC265FEB /* Rant */,
				9B822E8A4DB7297713289B15 /* RantUITests */,
			);
		};
/* End PBXProject section */

/* Begin PBXResourcesBuildPhase section */
		5281C3080E5457CC1C18C203 /* Resources */ = {
			isa = PBXResourcesBuildPhase;
			buildActionMask = 2147483647;
			files = (
				BFEF7B25ABED0F05EDA6E264 /* AppIcon.icns in Resources */,
			);
			runOnlyForDeploymentPostprocessing = 0;
		};
/* End PBXResourcesBuildPhase section */

/* Begin PBXSourcesBuildPhase section */
		06CC8EDA298C93B3A612BD57 /* Sources */ = {
			isa = PBXSourcesBuildPhase;
			buildActionMask = 2147483647;
			files = (
				199D9D88F05654F0D4F85EA3 /* AppModel.swift in Sources */,
				0B1315D176521B014E19E835 /* DictionaryView.swift in Sources */,
				20E8D6BAE987C56241101CBA /* HistoryView.swift in Sources */,
				EED0B34A571528E2234D922E /* HomeView.swift in Sources */,
				FC0165D004AB750E7E25A48D /* InsightsView.swift in Sources */,
				DE89B0F865D4475C3AF00D8A /* MCPController.swift in Sources */,
				316CB9F827F2CD5915329FBA /* MeetingController.swift in Sources */,
				03ECE1743141BB926C962D5D /* MenuBarContent.swift in Sources */,
				9C066602804472A46FB51A02 /* MigrateView.swift in Sources */,
				E9195F34C4CD00565BC9A6D2 /* NotetakerView.swift in Sources */,
				D21303E13218D64F499077C4 /* OnboardingView.swift in Sources */,
				AC10670C7ABAD3149B03365A /* OverlayController.swift in Sources */,
				0E501602B04A182D51754E92 /* Permissions.swift in Sources */,
				526CFD4D90896934162F4F97 /* Preferences.swift in Sources */,
				59B48B6BFB65F91DBCCBE64E /* RantApp.swift in Sources */,
				A22EFA97DFF54ABA1E7706EC /* RecorderOverlay.swift in Sources */,
				FB2804658A7EB5940E5D4C21 /* RootView.swift in Sources */,
				944196400A209E8C37603FEC /* ScratchpadView.swift in Sources */,
				23699843B8661C94990D74C3 /* SettingsView.swift in Sources */,
				2072A7CEECA764972482479A /* StylesView.swift in Sources */,
				57113839F403C1A8FB2312D5 /* Theme.swift in Sources */,
				F42828589174A75D074F1B2E /* TransformController.swift in Sources */,
				199BFEEE62051C1EEB8C56E4 /* TransformPanel.swift in Sources */,
				E283586579D98B548A6B4EBF /* TransformsView.swift in Sources */,
			);
			runOnlyForDeploymentPostprocessing = 0;
		};
		169B0654D6A6F0159A26AA6B /* Sources */ = {
			isa = PBXSourcesBuildPhase;
			buildActionMask = 2147483647;
			files = (
				E4596EC8C3742F5E142BE208 /* HierarchyDiagnostic.swift in Sources */,
				003762CF3C377BF32E6FF348 /* OnboardingUITests.swift in Sources */,
				49550EB710BACACAFDA30A89 /* PageTourTests.swift in Sources */,
			);
			runOnlyForDeploymentPostprocessing = 0;
		};
/* End PBXSourcesBuildPhase section */

/* Begin PBXTargetDependency section */
		047C350D843887D09B561A4F /* PBXTargetDependency */ = {
			isa = PBXTargetDependency;
			target = 54A9F661CC5BF50BCC265FEB /* Rant */;
			targetProxy = BA145399280403B4E5EB2674 /* PBXContainerItemProxy */;
		};
/* End PBXTargetDependency section */

/* Begin XCBuildConfiguration section */
		1ACAE46FFD04F7685FFCEB63 /* Release */ = {
			isa = XCBuildConfiguration;
			buildSettings = {
				ALWAYS_SEARCH_USER_PATHS = NO;
				CLANG_ANALYZER_NONNULL = YES;
				CLANG_ANALYZER_NUMBER_OBJECT_CONVERSION = YES_AGGRESSIVE;
				CLANG_CXX_LANGUAGE_STANDARD = "gnu++14";
				CLANG_CXX_LIBRARY = "libc++";
				CLANG_ENABLE_MODULES = YES;
				CLANG_ENABLE_OBJC_ARC = YES;
				CLANG_ENABLE_OBJC_WEAK = YES;
				CLANG_WARN_BLOCK_CAPTURE_AUTORELEASING = YES;
				CLANG_WARN_BOOL_CONVERSION = YES;
				CLANG_WARN_COMMA = YES;
				CLANG_WARN_CONSTANT_CONVERSION = YES;
				CLANG_WARN_DEPRECATED_OBJC_IMPLEMENTATIONS = YES;
				CLANG_WARN_DIRECT_OBJC_ISA_USAGE = YES_ERROR;
				CLANG_WARN_DOCUMENTATION_COMMENTS = YES;
				CLANG_WARN_EMPTY_BODY = YES;
				CLANG_WARN_ENUM_CONVERSION = YES;
				CLANG_WARN_INFINITE_RECURSION = YES;
				CLANG_WARN_INT_CONVERSION = YES;
				CLANG_WARN_NON_LITERAL_NULL_CONVERSION = YES;
				CLANG_WARN_OBJC_IMPLICIT_RETAIN_SELF = YES;
				CLANG_WARN_OBJC_LITERAL_CONVERSION = YES;
				CLANG_WARN_OBJC_ROOT_CLASS = YES_ERROR;
				CLANG_WARN_QUOTED_INCLUDE_IN_FRAMEWORK_HEADER = YES;
				CLANG_WARN_RANGE_LOOP_ANALYSIS = YES;
				CLANG_WARN_STRICT_PROTOTYPES = YES;
				CLANG_WARN_SUSPICIOUS_MOVE = YES;
				CLANG_WARN_UNGUARDED_AVAILABILITY = YES_AGGRESSIVE;
				CLANG_WARN_UNREACHABLE_CODE = YES;
				CLANG_WARN__DUPLICATE_METHOD_MATCH = YES;
				CODE_SIGN_IDENTITY = "-";
				CODE_SIGN_STYLE = Manual;
				COPY_PHASE_STRIP = NO;
				CURRENT_PROJECT_VERSION = 1;
				DEAD_CODE_STRIPPING = YES;
				DEBUG_INFORMATION_FORMAT = "dwarf-with-dsym";
				DEVELOPMENT_TEAM = "";
				ENABLE_HARDENED_RUNTIME = YES;
				ENABLE_NS_ASSERTIONS = NO;
				ENABLE_STRICT_OBJC_MSGSEND = YES;
				GCC_C_LANGUAGE_STANDARD = gnu11;
				GCC_NO_COMMON_BLOCKS = YES;
				GCC_WARN_64_TO_32_BIT_CONVERSION = YES;
				GCC_WARN_ABOUT_RETURN_TYPE = YES_ERROR;
				GCC_WARN_UNDECLARED_SELECTOR = YES;
				GCC_WARN_UNINITIALIZED_AUTOS = YES_AGGRESSIVE;
				GCC_WARN_UNUSED_FUNCTION = YES;
				GCC_WARN_UNUSED_VARIABLE = YES;
				MACOSX_DEPLOYMENT_TARGET = 14.4;
				MARKETING_VERSION = 0.1.0;
				MTL_ENABLE_DEBUG_INFO = NO;
				MTL_FAST_MATH = YES;
				ONLY_ACTIVE_ARCH = YES;
				PRODUCT_NAME = Rant;
				SDKROOT = macosx;
				SWIFT_COMPILATION_MODE = wholemodule;
				SWIFT_OPTIMIZATION_LEVEL = "-O";
				SWIFT_STRICT_CONCURRENCY = complete;
				SWIFT_VERSION = 6.0;
			};
			name = Release;
		};
		38AAB9A3D777CA8F1BD4CC33 /* Debug */ = {
			isa = XCBuildConfiguration;
			buildSettings = {
				ASSETCATALOG_COMPILER_APPICON_NAME = AppIcon;
				CODE_SIGN_ENTITLEMENTS = App/Rant/Rant.entitlements;
				COMBINE_HIDPI_IMAGES = YES;
				INFOPLIST_FILE = App/Rant/Info.plist;
				LD_RUNPATH_SEARCH_PATHS = (
					"$(inherited)",
					"@executable_path/../Frameworks",
				);
				PRODUCT_BUNDLE_IDENTIFIER = dev.rant.mac.dev;
				PRODUCT_NAME = "Rant Dev";
				SDKROOT = macosx;
			};
			name = Debug;
		};
		4F274C00E32A353D694FF296 /* Release */ = {
			isa = XCBuildConfiguration;
			buildSettings = {
				BUNDLE_LOADER = "$(TEST_HOST)";
				CODE_SIGNING_ALLOWED = NO;
				CODE_SIGN_IDENTITY = "";
				COMBINE_HIDPI_IMAGES = YES;
				GENERATE_INFOPLIST_FILE = YES;
				LD_RUNPATH_SEARCH_PATHS = (
					"$(inherited)",
					"@executable_path/Frameworks",
					"@loader_path/Frameworks",
				);
				PRODUCT_BUNDLE_IDENTIFIER = dev.rant.mac.uitests;
				PRODUCT_NAME = RantUITests;
				SDKROOT = macosx;
				TEST_TARGET_NAME = Rant;
			};
			name = Release;
		};
		929897EF5A60E64964494CE8 /* Debug */ = {
			isa = XCBuildConfiguration;
			buildSettings = {
				ALWAYS_SEARCH_USER_PATHS = NO;
				CLANG_ANALYZER_NONNULL = YES;
				CLANG_ANALYZER_NUMBER_OBJECT_CONVERSION = YES_AGGRESSIVE;
				CLANG_CXX_LANGUAGE_STANDARD = "gnu++14";
				CLANG_CXX_LIBRARY = "libc++";
				CLANG_ENABLE_MODULES = YES;
				CLANG_ENABLE_OBJC_ARC = YES;
				CLANG_ENABLE_OBJC_WEAK = YES;
				CLANG_WARN_BLOCK_CAPTURE_AUTORELEASING = YES;
				CLANG_WARN_BOOL_CONVERSION = YES;
				CLANG_WARN_COMMA = YES;
				CLANG_WARN_CONSTANT_CONVERSION = YES;
				CLANG_WARN_DEPRECATED_OBJC_IMPLEMENTATIONS = YES;
				CLANG_WARN_DIRECT_OBJC_ISA_USAGE = YES_ERROR;
				CLANG_WARN_DOCUMENTATION_COMMENTS = YES;
				CLANG_WARN_EMPTY_BODY = YES;
				CLANG_WARN_ENUM_CONVERSION = YES;
				CLANG_WARN_INFINITE_RECURSION = YES;
				CLANG_WARN_INT_CONVERSION = YES;
				CLANG_WARN_NON_LITERAL_NULL_CONVERSION = YES;
				CLANG_WARN_OBJC_IMPLICIT_RETAIN_SELF = YES;
				CLANG_WARN_OBJC_LITERAL_CONVERSION = YES;
				CLANG_WARN_OBJC_ROOT_CLASS = YES_ERROR;
				CLANG_WARN_QUOTED_INCLUDE_IN_FRAMEWORK_HEADER = YES;
				CLANG_WARN_RANGE_LOOP_ANALYSIS = YES;
				CLANG_WARN_STRICT_PROTOTYPES = YES;
				CLANG_WARN_SUSPICIOUS_MOVE = YES;
				CLANG_WARN_UNGUARDED_AVAILABILITY = YES_AGGRESSIVE;
				CLANG_WARN_UNREACHABLE_CODE = YES;
				CLANG_WARN__DUPLICATE_METHOD_MATCH = YES;
				CODE_SIGN_IDENTITY = "-";
				CODE_SIGN_STYLE = Manual;
				COPY_PHASE_STRIP = NO;
				CURRENT_PROJECT_VERSION = 1;
				DEAD_CODE_STRIPPING = YES;
				DEBUG_INFORMATION_FORMAT = dwarf;
				DEVELOPMENT_TEAM = "";
				ENABLE_HARDENED_RUNTIME = YES;
				ENABLE_STRICT_OBJC_MSGSEND = YES;
				ENABLE_TESTABILITY = YES;
				GCC_C_LANGUAGE_STANDARD = gnu11;
				GCC_DYNAMIC_NO_PIC = NO;
				GCC_NO_COMMON_BLOCKS = YES;
				GCC_OPTIMIZATION_LEVEL = 0;
				GCC_PREPROCESSOR_DEFINITIONS = (
					"$(inherited)",
					"DEBUG=1",
				);
				GCC_WARN_64_TO_32_BIT_CONVERSION = YES;
				GCC_WARN_ABOUT_RETURN_TYPE = YES_ERROR;
				GCC_WARN_UNDECLARED_SELECTOR = YES;
				GCC_WARN_UNINITIALIZED_AUTOS = YES_AGGRESSIVE;
				GCC_WARN_UNUSED_FUNCTION = YES;
				GCC_WARN_UNUSED_VARIABLE = YES;
				MACOSX_DEPLOYMENT_TARGET = 14.4;
				MARKETING_VERSION = 0.1.0;
				MTL_ENABLE_DEBUG_INFO = INCLUDE_SOURCE;
				MTL_FAST_MATH = YES;
				ONLY_ACTIVE_ARCH = YES;
				PRODUCT_NAME = Rant;
				SDKROOT = macosx;
				SWIFT_ACTIVE_COMPILATION_CONDITIONS = DEBUG;
				SWIFT_OPTIMIZATION_LEVEL = "-Onone";
				SWIFT_STRICT_CONCURRENCY = complete;
				SWIFT_VERSION = 6.0;
			};
			name = Debug;
		};
		E9762F4F2536919039B03228 /* Debug */ = {
			isa = XCBuildConfiguration;
			buildSettings = {
				BUNDLE_LOADER = "$(TEST_HOST)";
				CODE_SIGNING_ALLOWED = NO;
				CODE_SIGN_IDENTITY = "";
				COMBINE_HIDPI_IMAGES = YES;
				GENERATE_INFOPLIST_FILE = YES;
				LD_RUNPATH_SEARCH_PATHS = (
					"$(inherited)",
					"@executable_path/Frameworks",
					"@loader_path/Frameworks",
				);
				PRODUCT_BUNDLE_IDENTIFIER = dev.rant.mac.uitests;
				PRODUCT_NAME = RantUITests;
				SDKROOT = macosx;
				TEST_TARGET_NAME = Rant;
			};
			name = Debug;
		};
		EEB825ECFFD0982CB56F32B5 /* Release */ = {
			isa = XCBuildConfiguration;
			buildSettings = {
				ARCHS = "arm64 x86_64";
				ASSETCATALOG_COMPILER_APPICON_NAME = AppIcon;
				CODE_SIGN_ENTITLEMENTS = App/Rant/Rant.entitlements;
				COMBINE_HIDPI_IMAGES = YES;
				INFOPLIST_FILE = App/Rant/Info.plist;
				LD_RUNPATH_SEARCH_PATHS = (
					"$(inherited)",
					"@executable_path/../Frameworks",
				);
				ONLY_ACTIVE_ARCH = NO;
				PRODUCT_BUNDLE_IDENTIFIER = dev.rant.mac;
				SDKROOT = macosx;
			};
			name = Release;
		};
/* End XCBuildConfiguration section */

/* Begin XCConfigurationList section */
		2FB70AFD5AEB8ED8F6F25DDB /* Build configuration list for PBXNativeTarget "RantUITests" */ = {
			isa = XCConfigurationList;
			buildConfigurations = (
				E9762F4F2536919039B03228 /* Debug */,
				4F274C00E32A353D694FF296 /* Release */,
			);
			defaultConfigurationIsVisible = 0;
			defaultConfigurationName = Debug;
		};
		884D61E2A345F25DAA1B6BDC /* Build configuration list for PBXProject "Rant" */ = {
			isa = XCConfigurationList;
			buildConfigurations = (
				929897EF5A60E64964494CE8 /* Debug */,
				1ACAE46FFD04F7685FFCEB63 /* Release */,
			);
			defaultConfigurationIsVisible = 0;
			defaultConfigurationName = Debug;
		};
		B240B38AB3C8D0E5A02271C1 /* Build configuration list for PBXNativeTarget "Rant" */ = {
			isa = XCConfigurationList;
			buildConfigurations = (
				38AAB9A3D777CA8F1BD4CC33 /* Debug */,
				EEB825ECFFD0982CB56F32B5 /* Release */,
			);
			defaultConfigurationIsVisible = 0;
			defaultConfigurationName = Debug;
		};
/* End XCConfigurationList section */

/* Begin XCLocalSwiftPackageReference section */
		27C1FBA39A191A1818F9C1F5 /* XCLocalSwiftPackageReference "." */ = {
			isa = XCLocalSwiftPackageReference;
			relativePath = .;
		};
/* End XCLocalSwiftPackageReference section */

/* Begin XCSwiftPackageProductDependency section */
		9D4E1E13B0E11D5F2A81B7B4 /* RantCore */ = {
			isa = XCSwiftPackageProductDependency;
			productName = RantCore;
		};
/* End XCSwiftPackageProductDependency section */
	};
	rootObject = 974134BDDB098B94FE599BAF /* Project object */;
}
